
Microsoft Visual Studio Solution File, Format Version 12.00
# Visual Studio Version 17
VisualStudioVersion = 17.4.33103.184
MinimumVisualStudioVersion = 10.0.40219.1
Project("{FAE04EC0-301F-11D3-BF4B-00C04F79EFBC}") = "Арканоид", "Арканоид\Арканоид.csproj", "{897C5953-F784-4930-B3FC-6098093C6108}"
EndProject
Global
	GlobalSection(SolutionConfigurationPlatforms) = preSolution
		Debug|Any CPU = Debug|Any CPU
		Release|Any CPU = Release|Any CPU
	EndGlobalSection
	GlobalSection(ProjectConfigurationPlatforms) = postSolution
		{897C5953-F784-4930-B3FC-6098093C6108}.Debug|Any CPU.ActiveCfg = Debug|Any CPU
		{897C5953-F784-4930-B3FC-6098093C6108}.Debug|Any CPU.Build.0 = Debug|Any CPU
		{897C5953-F784-4930-B3FC-6098093C6108}.Release|Any CPU.ActiveCfg = Release|Any CPU
		{897C5953-F784-4930-B3FC-6098093C6108}.Release|Any CPU.Build.0 = Release|Any CPU
	EndGlobalSection
	GlobalSection(SolutionProperties) = preSolution
		HideSolutionNode = FALSE
	EndGlobalSection
	GlobalSection(ExtensibilityGlobals) = postSolution
		SolutionGuid = {301D31BC-A98C-4CA1-A7FB-55EBB5D026BF}
	EndGlobalSection
EndGlobal
